// !$*UTF8*$!
{
	archiveVersion = 1;
	classes = {
	};
	objectVersion = 56;
	objects = {

/* Begin PBXBuildFile section */
		07AAB71529DC4AB400E88D8A /* object.swift in Sources */ = {isa = PBXBuildFile; fileRef = 07AAB71429DC4AB400E88D8A /* object.swift */; };
		07AAB71729DC4B3F00E88D8A /* Header.swift in Sources */ = {isa = PBXBuildFile; fileRef = 07AAB71629DC4B3F00E88D8A /* Header.swift */; };
		07AAB71929DC4B5600E88D8A /* TextFieldView.swift in Sources */ = {isa = PBXBuildFile; fileRef = 07AAB71829DC4B5600E88D8A /* TextFieldView.swift */; };
		07AAB71B29DC4B6400E88D8A /* TodoListView.swift in Sources */ = {isa = PBXBuildFile; fileRef = 07AAB71A29DC4B6400E88D8A /* TodoListView.swift */; };
		07AAB71D29DC4B7500E88D8A /* SaveLoadButtonView.swift in Sources */ = {isa = PBXBuildFile; fileRef = 07AAB71C29DC4B7500E88D8A /* SaveLoadButtonView.swift */; };
		07D98ED229DAC2110088F8AC /* ToDoApp.swift in Sources */ = {isa = PBXBuildFile; fileRef = 07D98ED129DAC2110088F8AC /* ToDoApp.swift */; };
		07D98ED429DAC2110088F8AC /* ContentView.swift in Sources */ = {isa = PBXBuildFile; fileRef = 07D98ED329DAC2110088F8AC /* ContentView.swift */; };
		07D98ED629DAC2110088F8AC /* Assets.xcassets in Resources */ = {isa = PBXBuildFile; fileRef = 07D98ED529DAC2110088F8AC /* Assets.xcassets */; };
		07D98ED929DAC2110088F8AC /* Preview Assets.xcassets in Resources */ = {isa = PBXBuildFile; fileRef = 07D98ED829DAC2110088F8AC /* Preview Assets.xcassets */; };
		07D98EE329DAC2110088F8AC /* ToDoTests.swift in Sources */ = {isa = PBXBuildFile; fileRef = 07D98EE229DAC2110088F8AC /* ToDoTests.swift */; };
		07D98EED29DAC2110088F8AC /* ToDoUITests.swift in Sources */ = {isa = PBXBuildFile; fileRef = 07D98EEC29DAC2110088F8AC /* ToDoUITests.swift */; };
		07D98EEF29DAC2110088F8AC /* ToDoUITestsLaunchTests.swift in Sources */ = {isa = PBXBuildFile; fileRef = 07D98EEE29DAC2110088F8AC /* ToDoUITestsLaunchTests.swift */; };
/* End PBXBuildFile section */

/* Begin PBXContainerItemProxy section */
		07D98EDF29DAC2110088F8AC /* PBXContainerItemProxy */ = {
			isa = PBXContainerItemProxy;
			containerPortal = 07D98EC629DAC2110088F8AC /* Project object */;
			proxyType = 1;
			remoteGlobalIDString = 07D98ECD29DAC2110088F8AC;
			remoteInfo = ToDo;
		};
		07D98EE929DAC2110088F8AC /* PBXContainerItemProxy */ = {
			isa = PBXContainerItemProxy;
			containerPortal = 07D98EC629DAC2110088F8AC /* Project object */;
			proxyType = 1;
			remoteGlobalIDString = 07D98ECD29DAC2110088F8AC;
			remoteInfo = ToDo;
		};
/* End PBXContainerItemProxy section */

/* Begin PBXFileReference section */
		07AAB71429DC4AB400E88D8A /* object.swift */ = {isa = PBXFileReference; lastKnownFileType = sourcecode.swift; path = object.swift; sourceTree = "<group>"; };
		07AAB71629DC4B3F00E88D8A /* Header.swift */ = {isa = PBXFileReference; lastKnownFileType = sourcecode.swift; path = Header.swift; sourceTree = "<group>"; };
		07AAB71829DC4B5600E88D8A /* TextFieldView.swift */ = {isa = PBXFileReference; lastKnownFileType = sourcecode.swift; path = TextFieldView.swift; sourceTree = "<group>"; };
		07AAB71A29DC4B6400E88D8A /* TodoListView.swift */ = {isa = PBXFileReference; lastKnownFileType = sourcecode.swift; path = TodoListView.swift; sourceTree = "<group>"; };
		07AAB71C29DC4B7500E88D8A /* SaveLoadButtonView.swift */ = {isa = PBXFileReference; lastKnownFileType = sourcecode.swift; path = SaveLoadButtonView.swift; sourceTree = "<group>"; };
		07D98ECE29DAC2110088F8AC /* ToDo.app */ = {isa = PBXFileReference; explicitFileType = wrapper.application; includeInIndex = 0; path = ToDo.app; sourceTree = BUILT_PRODUCTS_DIR; };
		07D98ED129DAC2110088F8AC /* ToDoApp.swift */ = {isa = PBXFileReference; lastKnownFileType = sourcecode.swift; path = ToDoApp.swift; sourceTree = "<group>"; };
		07D98ED329DAC2110088F8AC /* ContentView.swift */ = {isa = PBXFileReference; lastKnownFileType = sourcecode.swift; path = ContentView.swift; sourceTree = "<group>"; };
		07D98ED529DAC2110088F8AC /* Assets.xcassets */ = {isa = PBXFileReference; lastKnownFileType = folder.assetcatalog; path = Assets.xcassets; sourceTree = "<group>"; };
		07D98ED829DAC2110088F8AC /* Preview Assets.xcassets */ = {isa = PBXFileReference; lastKnownFileType = folder.assetcatalog; path = "Preview Assets.xcassets"; sourceTree = "<group>"; };
		07D98EDE29DAC2110088F8AC /* ToDoTests.xctest */ = {isa = PBXFileReference; explicitFileType = wrapper.cfbundle; includeInIndex = 0; path = ToDoTests.xctest; sourceTree = BUILT_PRODUCTS_DIR; };
		07D98EE229DAC2110088F8AC /* ToDoTests.swift */ = {isa = PBXFileReference; lastKnownFileType = sourcecode.swift; path = ToDoTests.swift; sourceTree = "<group>"; };
		07D98EE829DAC2110088F8AC /* ToDoUITests.xctest */ = {isa = PBXFileReference; explicitFileType = wrapper.cfbundle; includeInIndex = 0; path = ToDoUITests.xctest; sourceTree = BUILT_PRODUCTS_DIR; };
		07D98EEC29DAC2110088F8AC /* ToDoUITests.swift */ = {isa = PBXFileReference; lastKnownFileType = sourcecode.swift; path = ToDoUITests.swift; sourceTree = "<group>"; };
		07D98EEE29DAC2110088F8AC /* ToDoUITestsLaunchTests.swift */ = {isa = PBXFileReference; lastKnownFileType = sourcecode.swift; path = ToDoUITestsLaunchTests.swift; sourceTree = "<group>"; };
/* End PBXFileReference section */

/* Begin PBXFrameworksBuildPhase section */
		07D98ECB29DAC2110088F8AC /* Frameworks */ = {
			isa = PBXFrameworksBuildPhase;
			buildActionMask = 2147483647;
			files = (
			);
			runOnlyForDeploymentPostprocessing = 0;
		};
		07D98EDB29DAC2110088F8AC /* Frameworks */ = {
			isa = PBXFrameworksBuildPhase;
			buildActionMask = 2147483647;
			files = (
			);
			runOnlyForDeploymentPostprocessing = 0;
		};
		07D98EE529DAC2110088F8AC /* Frameworks */ = {
			isa = PBXFrameworksBuildPhase;
			buildActionMask = 2147483647;
			files = (
			);
			runOnlyForDeploymentPostprocessing = 0;
		};
/* End PBXFrameworksBuildPhase section */

/* Begin PBXGroup section */
		07AAB71329DC4AA400E88D8A /* View */ = {
			isa = PBXGroup;
			children = (
				07AAB71629DC4B3F00E88D8A /* Header.swift */,
				07AAB71829DC4B5600E88D8A /* TextFieldView.swift */,
				07AAB71A29DC4B6400E88D8A /* TodoListView.swift */,
				07AAB71C29DC4B7500E88D8A /* SaveLoadButtonView.swift */,
			);
			path = View;
			sourceTree = "<group>";
		};
		07D98EC529DAC2110088F8AC = {
			isa = PBXGroup;
			children = (
				07D98ED029DAC2110088F8AC /* ToDo */,
				07D98EE129DAC2110088F8AC /* ToDoTests */,
				07D98EEB29DAC2110088F8AC /* ToDoUITests */,
				07D98ECF29DAC2110088F8AC /* Products */,
			);
			sourceTree = "<group>";
		};
		07D98ECF29DAC2110088F8AC /* Products */ = {
			isa = PBXGroup;
			children = (
				07D98ECE29DAC2110088F8AC /* ToDo.app */,
				07D98EDE29DAC2110088F8AC /* ToDoTests.xctest */,
				07D98EE829DAC2110088F8AC /* ToDoUITests.xctest */,
			);
			name = Products;
			sourceTree = "<group>";
		};
		07D98ED029DAC2110088F8AC /* ToDo */ = {
			isa = PBXGroup;
			children = (
				07D98ED129DAC2110088F8AC /* ToDoApp.swift */,
				07D98ED329DAC2110088F8AC /* ContentView.swift */,
				07AAB71429DC4AB400E88D8A /* object.swift */,
				07D98ED529DAC2110088F8AC /* Assets.xcassets */,
				07AAB71329DC4AA400E88D8A /* View */,
				07D98ED729DAC2110088F8AC /* Preview Content */,
			);
			path = ToDo;
			sourceTree = "<group>";
		};
		07D98ED729DAC2110088F8AC /* Preview Content */ = {
			isa = PBXGroup;
			children = (
				07D98ED829DAC2110088F8AC /* Preview Assets.xcassets */,
			);
			path = "Preview Content";
			sourceTree = "<group>";
		};
		07D98EE129DAC2110088F8AC /* ToDoTests */ = {
			isa = PBXGroup;
			children = (
				07D98EE229DAC2110088F8AC /* ToDoTests.swift */,
			);
			path = ToDoTests;
			sourceTree = "<group>";
		};
		07D98EEB29DAC2110088F8AC /* ToDoUITests */ = {
			isa = PBXGroup;
			children = (
				07D98EEC29DAC2110088F8AC /* ToDoUITests.swift */,
				07D98EEE29DAC2110088F8AC /* ToDoUITestsLaunchTests.swift */,
			);
			path = ToDoUITests;
			sourceTree = "<group>";
		};
/* End PBXGroup section */

/* Begin PBXNativeTarget section */
		07D98ECD29DAC2110088F8AC /* ToDo */ = {
			isa = PBXNativeTarget;
			buildConfigurationList = 07D98EF229DAC2110088F8AC /* Build configuration list for PBXNativeTarget "ToDo" */;
			buildPhases = (
				07D98ECA29DAC2110088F8AC /* Sources */,
				07D98ECB29DAC2110088F8AC /* Frameworks */,
				07D98ECC29DAC2110088F8AC /* Resources */,
			);
			buildRules = (
			);
			dependencies = (
			);
			name = ToDo;
			productName = ToDo;
			productReference = 07D98ECE29DAC2110088F8AC /* ToDo.app */;
			productType = "com.apple.product-type.application";
		};
		07D98EDD29DAC2110088F8AC /* ToDoTests */ = {
			isa = PBXNativeTarget;
			buildConfigurationList = 07D98EF529DAC2110088F8AC /* Build configuration list for PBXNativeTarget "ToDoTests" */;
			buildPhases = (
				07D98EDA29DAC2110088F8AC /* Sources */,
				07D98EDB29DAC2110088F8AC /* Frameworks */,
				07D98EDC29DAC2110088F8AC /* Resources */,
			);
			buildRules = (
			);
			dependencies = (
				07D98EE029DAC2110088F8AC /* PBXTargetDependency */,
			);
			name = ToDoTests;
			productName = ToDoTests;
			productReference = 07D98EDE29DAC2110088F8AC /* ToDoTests.xctest */;
			productType = "com.apple.product-type.bundle.unit-test";
		};
		07D98EE729DAC2110088F8AC /* ToDoUITests */ = {
			isa = PBXNativeTarget;
			buildConfigurationList = 07D98EF829DAC2110088F8AC /* Build configuration list for PBXNativeTarget "ToDoUITests" */;
			buildPhases = (
				07D98EE429DAC2110088F8AC /* Sources */,
				07D98EE529DAC2110088F8AC /* Frameworks */,
				07D98EE629DAC2110088F8AC /* Resources */,
			);
			buildRules = (
			);
			dependencies = (
				07D98EEA29DAC2110088F8AC /* PBXTargetDependency */,
			);
			name = ToDoUITests;
			productName = ToDoUITests;
			productReference = 07D98EE829DAC2110088F8AC /* ToDoUITests.xctest */;
			productType = "com.apple.product-type.bundle.ui-testing";
		};
/* End PBXNativeTarget section */

/* Begin PBXProject section */
		07D98EC629DAC2110088F8AC /* Project object */ = {
			isa = PBXProject;
			attributes = {
				BuildIndependentTargetsInParallel = 1;
				LastSwiftUpdateCheck = 1410;
				LastUpgradeCheck = 1410;
				TargetAttributes = {
					07D98ECD29DAC2110088F8AC = {
						CreatedOnToolsVersion = 14.1;
					};
					07D98EDD29DAC2110088F8AC = {
						CreatedOnToolsVersion = 14.1;
						TestTargetID = 07D98ECD29DAC2110088F8AC;
					};
					07D98EE729DAC2110088F8AC = {
						CreatedOnToolsVersion = 14.1;
						TestTargetID = 07D98ECD29DAC2110088F8AC;
					};
				};
			};
			buildConfigurationList = 07D98EC929DAC2110088F8AC /* Build configuration list for PBXProject "ToDo" */;
			compatibilityVersion = "Xcode 14.0";
			developmentRegion = en;
			hasScannedForEncodings = 0;
			knownRegions = (
				en,
				Base,
			);
			mainGroup = 07D98EC529DAC2110088F8AC;
			productRefGroup = 07D98ECF29DAC2110088F8AC /* Products */;
			projectDirPath = "";
			projectRoot = "";
			targets = (
				07D98ECD29DAC2110088F8AC /* ToDo */,
				07D98EDD29DAC2110088F8AC /* ToDoTests */,
				07D98EE729DAC2110088F8AC /* ToDoUITests */,
			);
		};
/* End PBXProject section */

/* Begin PBXResourcesBuildPhase section */
		07D98ECC29DAC2110088F8AC /* Resources */ = {
			isa = PBXResourcesBuildPhase;
			buildActionMask = 2147483647;
			files = (
				07D98ED929DAC2110088F8AC /* Preview Assets.xcassets in Resources */,
				07D98ED629DAC2110088F8AC /* Assets.xcassets in Resources */,
			);
			runOnlyForDeploymentPostprocessing = 0;
		};
		07D98EDC29DAC2110088F8AC /* Resources */ = {
			isa = PBXResourcesBuildPhase;
			buildActionMask = 2147483647;
			files = (
			);
			runOnlyForDeploymentPostprocessing = 0;
		};
		07D98EE629DAC2110088F8AC /* Resources */ = {
			isa = PBXResourcesBuildPhase;
			buildActionMask = 2147483647;
			files = (
			);
			runOnlyForDeploymentPostprocessing = 0;
		};
/* End PBXResourcesBuildPhase section */

/* Begin PBXSourcesBuildPhase section */
		07D98ECA29DAC2110088F8AC /* Sources */ = {
			isa = PBXSourcesBuildPhase;
			buildActionMask = 2147483647;
			files = (
				07AAB71D29DC4B7500E88D8A /* SaveLoadButtonView.swift in Sources */,
				07AAB71729DC4B3F00E88D8A /* Header.swift in Sources */,
				07AAB71929DC4B5600E88D8A /* TextFieldView.swift in Sources */,
				07AAB71B29DC4B6400E88D8A /* TodoListView.swift in Sources */,
				07D98ED429DAC2110088F8AC /* ContentView.swift in Sources */,
				07D98ED229DAC2110088F8AC /* ToDoApp.swift in Sources */,
				07AAB71529DC4AB400E88D8A /* object.swift in Sources */,
			);
			runOnlyForDeploymentPostprocessing = 0;
		};
		07D98EDA29DAC2110088F8AC /* Sources */ = {
			isa = PBXSourcesBuildPhase;
			buildActionMask = 2147483647;
			files = (
				07D98EE329DAC2110088F8AC /* ToDoTests.swift in Sources */,
			);
			runOnlyForDeploymentPostprocessing = 0;
		};
		07D98EE429DAC2110088F8AC /* Sources */ = {
			isa = PBXSourcesBuildPhase;
			buildActionMask = 2147483647;
			files = (
				07D98EEF29DAC2110088F8AC /* ToDoUITestsLaunchTests.swift in Sources */,
				07D98EED29DAC2110088F8AC /* ToDoUITests.swift in Sources */,
			);
			runOnlyForDeploymentPostprocessing = 0;
		};
/* End PBXSourcesBuildPhase section */

/* Begin PBXTargetDependency section */
		07D98EE029DAC2110088F8AC /* PBXTargetDependency */ = {
			isa = PBXTargetDependency;
			target = 07D98ECD29DAC2110088F8AC /* ToDo */;
			targetProxy = 07D98EDF29DAC2110088F8AC /* PBXContainerItemProxy */;
		};
		07D98EEA29DAC2110088F8AC /* PBXTargetDependency */ = {
			isa = PBXTargetDependency;
			target = 07D98ECD29DAC2110088F8AC /* ToDo */;
			targetProxy = 07D98EE929DAC2110088F8AC /* PBXContainerItemProxy */;
		};
/* End PBXTargetDependency section */

/* Begin XCBuildConfiguration section */
		07D98EF029DAC2110088F8AC /* Debug */ = {
			isa = XCBuildConfiguration;
			buildSettings = {
				ALWAYS_SEARCH_USER_PATHS = NO;
				CLANG_ANALYZER_NONNULL = YES;
				CLANG_ANALYZER_NUMBER_OBJECT_CONVERSION = YES_AGGRESSIVE;
				CLANG_CXX_LANGUAGE_STANDARD = "gnu++20";
				CLANG_ENABLE_MODULES = YES;
				CLANG_ENABLE_OBJC_ARC = YES;
				CLANG_ENABLE_OBJC_WEAK = YES;
				CLANG_WARN_BLOCK_CAPTURE_AUTORELEASING = YES;
				CLANG_WARN_BOOL_CONVERSION = YES;
				CLANG_WARN_COMMA = YES;
				CLANG_WARN_CONSTANT_CONVERSION = YES;
				CLANG_WARN_DEPRECATED_OBJC_IMPLEMENTATIONS = YES;
				CLANG_WARN_DIRECT_OBJC_ISA_USAGE = YES_ERROR;
				CLANG_WARN_DOCUMENTATION_COMMENTS = YES;
				CLANG_WARN_EMPTY_BODY = YES;
				CLANG_WARN_ENUM_CONVERSION = YES;
				CLANG_WARN_INFINITE_RECURSION = YES;
				CLANG_WARN_INT_CONVERSION = YES;
				CLANG_WARN_NON_LITERAL_NULL_CONVERSION = YES;
				CLANG_WARN_OBJC_IMPLICIT_RETAIN_SELF = YES;
				CLANG_WARN_OBJC_LITERAL_CONVERSION = YES;
				CLANG_WARN_OBJC_ROOT_CLASS = YES_ERROR;
				CLANG_WARN_QUOTED_INCLUDE_IN_FRAMEWORK_HEADER = YES;
				CLANG_WARN_RANGE_LOOP_ANALYSIS = YES;
				CLANG_WARN_STRICT_PROTOTYPES = YES;
				CLANG_WARN_SUSPICIOUS_MOVE = YES;
				CLANG_WARN_UNGUARDED_AVAILABILITY = YES_AGGRESSIVE;
				CLANG_WARN_UNREACHABLE_CODE = YES;
				CLANG_WARN__DUPLICATE_METHOD_MATCH = YES;
				COPY_PHASE_STRIP = NO;
				DEBUG_INFORMATION_FORMAT = dwarf;
				ENABLE_STRICT_OBJC_MSGSEND = YES;
				ENABLE_TESTABILITY = YES;
				GCC_C_LANGUAGE_STANDARD = gnu11;
				GCC_DYNAMIC_NO_PIC = NO;
				GCC_NO_COMMON_BLOCKS = YES;
				GCC_OPTIMIZATION_LEVEL = 0;
				GCC_PREPROCESSOR_DEFINITIONS = (
					"DEBUG=1",
					"$(inherited)",
				);
				GCC_WARN_64_TO_32_BIT_CONVERSION = YES;
				GCC_WARN_ABOUT_RETURN_TYPE = YES_ERROR;
				GCC_WARN_UNDECLARED_SELECTOR = YES;
				GCC_WARN_UNINITIALIZED_AUTOS = YES_AGGRESSIVE;
				GCC_WARN_UNUSED_FUNCTION = YES;
				GCC_WARN_UNUSED_VARIABLE = YES;
				IPHONEOS_DEPLOYMENT_TARGET = 16.1;
				MTL_ENABLE_DEBUG_INFO = INCLUDE_SOURCE;
				MTL_FAST_MATH = YES;
				ONLY_ACTIVE_ARCH = YES;
				SDKROOT = iphoneos;
				SWIFT_ACTIVE_COMPILATION_CONDITIONS = DEBUG;
				SWIFT_OPTIMIZATION_LEVEL = "-Onone";
			};
			name = Debug;
		};
		07D98EF129DAC2110088F8AC /* Release */ = {
			isa = XCBuildConfiguration;
			buildSettings = {
				ALWAYS_SEARCH_USER_PATHS = NO;
				CLANG_ANALYZER_NONNULL = YES;
				CLANG_ANALYZER_NUMBER_OBJECT_CONVERSION = YES_AGGRESSIVE;
				CLANG_CXX_LANGUAGE_STANDARD = "gnu++20";
				CLANG_ENABLE_MODULES = YES;
				CLANG_ENABLE_OBJC_ARC = YES;
				CLANG_ENABLE_OBJC_WEAK = YES;
				CLANG_WARN_BLOCK_CAPTURE_AUTORELEASING = YES;
				CLANG_WARN_BOOL_CONVERSION = YES;
				CLANG_WARN_COMMA = YES;
				CLANG_WARN_CONSTANT_CONVERSION = YES;
				CLANG_WARN_DEPRECATED_OBJC_IMPLEMENTATIONS = YES;
				CLANG_WARN_DIRECT_OBJC_ISA_USAGE = YES_ERROR;
				CLANG_WARN_DOCUMENTATION_COMMENTS = YES;
				CLANG_WARN_EMPTY_BODY = YES;
				CLANG_WARN_ENUM_CONVERSION = YES;
				CLANG_WARN_INFINITE_RECURSION = YES;
				CLANG_WARN_INT_CONVERSION = YES;
				CLANG_WARN_NON_LITERAL_NULL_CONVERSION = YES;
				CLANG_WARN_OBJC_IMPLICIT_RETAIN_SELF = YES;
				CLANG_WARN_OBJC_LITERAL_CONVERSION = YES;
				CLANG_WARN_OBJC_ROOT_CLASS = YES_ERROR;
				CLANG_WARN_QUOTED_INCLUDE_IN_FRAMEWORK_HEADER = YES;
				CLANG_WARN_RANGE_LOOP_ANALYSIS = YES;
				CLANG_WARN_STRICT_PROTOTYPES = YES;
				CLANG_WARN_SUSPICIOUS_MOVE = YES;
				CLANG_WARN_UNGUARDED_AVAILABILITY = YES_AGGRESSIVE;
				CLANG_WARN_UNREACHABLE_CODE = YES;
				CLANG_WARN__DUPLICATE_METHOD_MATCH = YES;
				COPY_PHASE_STRIP = NO;
				DEBUG_INFORMATION_FORMAT = "dwarf-with-dsym";
				ENABLE_NS_ASSERTIONS = NO;
				ENABLE_STRICT_OBJC_MSGSEND = YES;
				GCC_C_LANGUAGE_STANDARD = gnu11;
				GCC_NO_COMMON_BLOCKS = YES;
				GCC_WARN_64_TO_32_BIT_CONVERSION = YES;
				GCC_WARN_ABOUT_RETURN_TYPE = YES_ERROR;
				GCC_WARN_UNDECLARED_SELECTOR = YES;
				GCC_WARN_UNINITIALIZED_AUTOS = YES_AGGRESSIVE;
				GCC_WARN_UNUSED_FUNCTION = YES;
				GCC_WARN_UNUSED_VARIABLE = YES;
				IPHONEOS_DEPLOYMENT_TARGET = 16.1;
				MTL_ENABLE_DEBUG_INFO = NO;
				MTL_FAST_MATH = YES;
				SDKROOT = iphoneos;
				SWIFT_COMPILATION_MODE = wholemodule;
				SWIFT_OPTIMIZATION_LEVEL = "-O";
				VALIDATE_PRODUCT = YES;
			};
			name = Release;
		};
		07D98EF329DAC2110088F8AC /* Debug */ = {
			isa = XCBuildConfiguration;
			buildSettings = {
				ASSETCATALOG_COMPILER_APPICON_NAME = AppIcon;
				ASSETCATALOG_COMPILER_GLOBAL_ACCENT_COLOR_NAME = AccentColor;
				CODE_SIGN_STYLE = Automatic;
				CURRENT_PROJECT_VERSION = 1;
				DEVELOPMENT_ASSET_PATHS = "\"ToDo/Preview Content\"";
				DEVELOPMENT_TEAM = S4K8SAN9WG;
				ENABLE_PREVIEWS = YES;
				GENERATE_INFOPLIST_FILE = YES;
				INFOPLIST_KEY_UIApplicationSceneManifest_Generation = YES;
				INFOPLIST_KEY_UIApplicationSupportsIndirectInputEvents = YES;
				INFOPLIST_KEY_UILaunchScreen_Generation = YES;
				INFOPLIST_KEY_UISupportedInterfaceOrientations_iPad = "UIInterfaceOrientationPortrait UIInterfaceOrientationPortraitUpsideDown UIInterfaceOrientationLandscapeLeft UIInterfaceOrientationLandscapeRight";
				INFOPLIST_KEY_UISupportedInterfaceOrientations_iPhone = "UIInterfaceOrientationPortrait UIInterfaceOrientationLandscapeLeft UIInterfaceOrientationLandscapeRight";
				LD_RUNPATH_SEARCH_PATHS = (
					"$(inherited)",
					"@executable_path/Frameworks",
				);
				MARKETING_VERSION = 1.0;
				PRODUCT_BUNDLE_IDENTIFIER = ain.ToDo;
				PRODUCT_NAME = "$(TARGET_NAME)";
				SWIFT_EMIT_LOC_STRINGS = YES;
				SWIFT_VERSION = 5.0;
				TARGETED_DEVICE_FAMILY = "1,2";
			};
			name = Debug;
		};
		07D98EF429DAC2110088F8AC /* Release */ = {
			isa = XCBuildConfiguration;
			buildSettings = {
				ASSETCATALOG_COMPILER_APPICON_NAME = AppIcon;
				ASSETCATALOG_COMPILER_GLOBAL_ACCENT_COLOR_NAME = AccentColor;
				CODE_SIGN_STYLE = Automatic;
				CURRENT_PROJECT_VERSION = 1;
				DEVELOPMENT_ASSET_PATHS = "\"ToDo/Preview Content\"";
				DEVELOPMENT_TEAM = S4K8SAN9WG;
				ENABLE_PREVIEWS = YES;
				GENERATE_INFOPLIST_FILE = YES;
				INFOPLIST_KEY_UIApplicationSceneManifest_Generation = YES;
				INFOPLIST_KEY_UIApplicationSupportsIndirectInputEvents = YES;
				INFOPLIST_KEY_UILaunchScreen_Generation = YES;
				INFOPLIST_KEY_UISupportedInterfaceOrientations_iPad = "UIInterfaceOrientationPortrait UIInterfaceOrientationPortraitUpsideDown UIInterfaceOrientationLandscapeLeft UIInterfaceOrientationLandscapeRight";
				INFOPLIST_KEY_UISupportedInterfaceOrientations_iPhone = "UIInterfaceOrientationPortrait UIInterfaceOrientationLandscapeLeft UIInterfaceOrientationLandscapeRight";
				LD_RUNPATH_SEARCH_PATHS = (
					"$(inherited)",
					"@executable_path/Frameworks",
				);
				MARKETING_VERSION = 1.0;
				PRODUCT_BUNDLE_IDENTIFIER = ain.ToDo;
				PRODUCT_NAME = "$(TARGET_NAME)";
				SWIFT_EMIT_LOC_STRINGS = YES;
				SWIFT_VERSION = 5.0;
				TARGETED_DEVICE_FAMILY = "1,2";
			};
			name = Release;
		};
		07D98EF629DAC2110088F8AC /* Debug */ = {
			isa = XCBuildConfiguration;
			buildSettings = {
				ALWAYS_EMBED_SWIFT_STANDARD_LIBRARIES = YES;
				BUNDLE_LOADER = "$(TEST_HOST)";
				CODE_SIGN_STYLE = Automatic;
				CURRENT_PROJECT_VERSION = 1;
				DEVELOPMENT_TEAM = S4K8SAN9WG;
				GENERATE_INFOPLIST_FILE = YES;
				IPHONEOS_DEPLOYMENT_TARGET = 16.1;
				MARKETING_VERSION = 1.0;
				PRODUCT_BUNDLE_IDENTIFIER = ain.ToDoTests;
				PRODUCT_NAME = "$(TARGET_NAME)";
				SWIFT_EMIT_LOC_STRINGS = NO;
				SWIFT_VERSION = 5.0;
				TARGETED_DEVICE_FAMILY = "1,2";
				TEST_HOST = "$(BUILT_PRODUCTS_DIR)/ToDo.app/$(BUNDLE_EXECUTABLE_FOLDER_PATH)/ToDo";
			};
			name = Debug;
		};
		07D98EF729DAC2110088F8AC /* Release */ = {
			isa = XCBuildConfiguration;
			buildSettings = {
				ALWAYS_EMBED_SWIFT_STANDARD_LIBRARIES = YES;
				BUNDLE_LOADER = "$(TEST_HOST)";
				CODE_SIGN_STYLE = Automatic;
				CURRENT_PROJECT_VERSION = 1;
				DEVELOPMENT_TEAM = S4K8SAN9WG;
				GENERATE_INFOPLIST_FILE = YES;
				IPHONEOS_DEPLOYMENT_TARGET = 16.1;
				MARKETING_VERSION = 1.0;
				PRODUCT_BUNDLE_IDENTIFIER = ain.ToDoTests;
				PRODUCT_NAME = "$(TARGET_NAME)";
				SWIFT_EMIT_LOC_STRINGS = NO;
				SWIFT_VERSION = 5.0;
				TARGETED_DEVICE_FAMILY = "1,2";
				TEST_HOST = "$(BUILT_PRODUCTS_DIR)/ToDo.app/$(BUNDLE_EXECUTABLE_FOLDER_PATH)/ToDo";
			};
			name = Release;
		};
		07D98EF929DAC2110088F8AC /* Debug */ = {
			isa = XCBuildConfiguration;
			buildSettings = {
				ALWAYS_EMBED_SWIFT_STANDARD_LIBRARIES = YES;
				CODE_SIGN_STYLE = Automatic;
				CURRENT_PROJECT_VERSION = 1;
				DEVELOPMENT_TEAM = S4K8SAN9WG;
				GENERATE_INFOPLIST_FILE = YES;
				MARKETING_VERSION = 1.0;
				PRODUCT_BUNDLE_IDENTIFIER = ain.ToDoUITests;
				PRODUCT_NAME = "$(TARGET_NAME)";
				SWIFT_EMIT_LOC_STRINGS = NO;
				SWIFT_VERSION = 5.0;
				TARGETED_DEVICE_FAMILY = "1,2";
				TEST_TARGET_NAME = ToDo;
			};
			name = Debug;
		};
		07D98EFA29DAC2110088F8AC /* Release */ = {
			isa = XCBuildConfiguration;
			buildSettings = {
				ALWAYS_EMBED_SWIFT_STANDARD_LIBRARIES = YES;
				CODE_SIGN_STYLE = Automatic;
				CURRENT_PROJECT_VERSION = 1;
				DEVELOPMENT_TEAM = S4K8SAN9WG;
				GENERATE_INFOPLIST_FILE = YES;
				MARKETING_VERSION = 1.0;
				PRODUCT_BUNDLE_IDENTIFIER = ain.ToDoUITests;
				PRODUCT_NAME = "$(TARGET_NAME)";
				SWIFT_EMIT_LOC_STRINGS = NO;
				SWIFT_VERSION = 5.0;
				TARGETED_DEVICE_FAMILY = "1,2";
				TEST_TARGET_NAME = ToDo;
			};
			name = Release;
		};
/* End XCBuildConfiguration section */

/* Begin XCConfigurationList section */
		07D98EC929DAC2110088F8AC /* Build configuration list for PBXProject "ToDo" */ = {
			isa = XCConfigurationList;
			buildConfigurations = (
				07D98EF029DAC2110088F8AC /* Debug */,
				07D98EF129DAC2110088F8AC /* Release */,
			);
			defaultConfigurationIsVisible = 0;
			defaultConfigurationName = Release;
		};
		07D98EF229DAC2110088F8AC /* Build configuration list for PBXNativeTarget "ToDo" */ = {
			isa = XCConfigurationList;
			buildConfigurations = (
				07D98EF329DAC2110088F8AC /* Debug */,
				07D98EF429DAC2110088F8AC /* Release */,
			);
			defaultConfigurationIsVisible = 0;
			defaultConfigurationName = Release;
		};
		07D98EF529DAC2110088F8AC /* Build configuration list for PBXNativeTarget "ToDoTests" */ = {
			isa = XCConfigurationList;
			buildConfigurations = (
				07D98EF629DAC2110088F8AC /* Debug */,
				07D98EF729DAC2110088F8AC /* Release */,
			);
			defaultConfigurationIsVisible = 0;
			defaultConfigurationName = Release;
		};
		07D98EF829DAC2110088F8AC /* Build configuration list for PBXNativeTarget "ToDoUITests" */ = {
			isa = XCConfigurationList;
			buildConfigurations = (
				07D98EF929DAC2110088F8AC /* Debug */,
				07D98EFA29DAC2110088F8AC /* Release */,
			);
			defaultConfigurationIsVisible = 0;
			defaultConfigurationName = Release;
		};
/* End XCConfigurationList section */
	};
	rootObject = 07D98EC629DAC2110088F8AC /* Project object */;
}
